# THIS IS AN AUTOGENERATED FILE. DO NOT EDIT THIS FILE DIRECTLY.
# yarn lockfile v1


esm@^3.2.0:
  version "3.2.0"
  resolved "https://registry.yarnpkg.com/esm/-/esm-3.2.0.tgz#089011156cf817ccdae38c877cbe03301df04136"
  integrity sha512-yK4IiHmmInOk9q4xbJXdUfPV0ju7GbRCbhtpe5/gH7nRiD6RAb12Ix7zfsqQkDL5WERwzFlq/eT6zTXDWwIk+w==

minimist@^1.2.0:
  version "1.2.0"
  resolved "https://registry.yarnpkg.com/minimist/-/minimist-1.2.0.tgz#a35008b20f41383eec1fb914f4cd5df79a264284"
  integrity sha1-o1AIsg9BOD7sH7kU9M1d95omQoQ=
